
Microsoft Visual Studio Solution File, Format Version 12.00
# Visual Studio Version 17
VisualStudioVersion = 17.3.32901.215
MinimumVisualStudioVersion = 10.0.40219.1
Project("{9A19103F-16F7-4668-BE54-9A1E7A4F7556}") = "Common.Update.Checker", "Common.Update.Checker\Common.Update.Checker.csproj", "{22F7DCDC-A2BC-4466-B411-CA99E5990EAF}"
EndProject
Project("{9A19103F-16F7-4668-BE54-9A1E7A4F7556}") = "Common.Update.Checker.Test", "Common.Update.Checker.Test\Common.Update.Checker.Test.csproj", "{6DBBCECC-7CF5-4742-A5E6-812BC03644F1}"
EndProject
Project("{9A19103F-16F7-4668-BE54-9A1E7A4F7556}") = "Common.Update.Replacer", "Common.Update.Replacer\Common.Update.Replacer.csproj", "{90B7F887-1351-4F0C-A06D-C1192DB17230}"
EndProject
Project("{9A19103F-16F7-4668-BE54-9A1E7A4F7556}") = "Common.Update.Replacer.Test", "Common.Update.Replacer.Test\Common.Update.Replacer.Test.csproj", "{7B8E514F-2D59-4021-BC5F-2A7B5D3153B3}"
EndProject
Project("{FAE04EC0-301F-11D3-BF4B-00C04F79EFBC}") = "Common.Update.Manual", "Common.Update.Manual\Common.Update.Manual.csproj", "{A406ACA4-8622-476B-B4FF-8F49882E69CD}"
EndProject
Project("{2150E333-8FDC-42A3-9474-1A3956D46DE8}") = "解决方案项", "解决方案项", "{47F552FC-212C-4DB6-8C10-A599B0C46ED0}"
	ProjectSection(SolutionItems) = preProject
		.gitignore = .gitignore
		LICENSE = LICENSE
		README.md = README.md
	EndProjectSection
EndProject
Project("{2150E333-8FDC-42A3-9474-1A3956D46DE8}") = ".github", ".github", "{1F03ABCC-D919-40A1-9250-4E8EB9C8D28A}"
	ProjectSection(SolutionItems) = preProject
		.github\FUNDING.yml = .github\FUNDING.yml
		.github\pull_request_template.md = .github\pull_request_template.md
	EndProjectSection
EndProject
Project("{2150E333-8FDC-42A3-9474-1A3956D46DE8}") = "workflows", "workflows", "{61DA94A6-6FDB-453A-A61E-68300AF883E4}"
	ProjectSection(SolutionItems) = preProject
		.github\workflows\build.yml = .github\workflows\build.yml
	EndProjectSection
EndProject
Project("{2150E333-8FDC-42A3-9474-1A3956D46DE8}") = "ISSUE_TEMPLATE", "ISSUE_TEMPLATE", "{99E8CF02-2AA3-45C5-8633-B6EC730BC775}"
	ProjectSection(SolutionItems) = preProject
		.github\ISSUE_TEMPLATE\---bug-report.md = .github\ISSUE_TEMPLATE\---bug-report.md
		.github\ISSUE_TEMPLATE\---feature-request.md = .github\ISSUE_TEMPLATE\---feature-request.md
	EndProjectSection
EndProject
Global
	GlobalSection(SolutionConfigurationPlatforms) = preSolution
		Debug|Any CPU = Debug|Any CPU
		Release|Any CPU = Release|Any CPU
	EndGlobalSection
	GlobalSection(ProjectConfigurationPlatforms) = postSolution
		{22F7DCDC-A2BC-4466-B411-CA99E5990EAF}.Debug|Any CPU.ActiveCfg = Debug|Any CPU
		{22F7DCDC-A2BC-4466-B411-CA99E5990EAF}.Debug|Any CPU.Build.0 = Debug|Any CPU
		{22F7DCDC-A2BC-4466-B411-CA99E5990EAF}.Release|Any CPU.ActiveCfg = Release|Any CPU
		{22F7DCDC-A2BC-4466-B411-CA99E5990EAF}.Release|Any CPU.Build.0 = Release|Any CPU
		{6DBBCECC-7CF5-4742-A5E6-812BC03644F1}.Debug|Any CPU.ActiveCfg = Debug|Any CPU
		{6DBBCECC-7CF5-4742-A5E6-812BC03644F1}.Debug|Any CPU.Build.0 = Debug|Any CPU
		{6DBBCECC-7CF5-4742-A5E6-812BC03644F1}.Release|Any CPU.ActiveCfg = Release|Any CPU
		{6DBBCECC-7CF5-4742-A5E6-812BC03644F1}.Release|Any CPU.Build.0 = Release|Any CPU
		{90B7F887-1351-4F0C-A06D-C1192DB17230}.Debug|Any CPU.ActiveCfg = Debug|Any CPU
		{90B7F887-1351-4F0C-A06D-C1192DB17230}.Debug|Any CPU.Build.0 = Debug|Any CPU
		{90B7F887-1351-4F0C-A06D-C1192DB17230}.Release|Any CPU.ActiveCfg = Release|Any CPU
		{90B7F887-1351-4F0C-A06D-C1192DB17230}.Release|Any CPU.Build.0 = Release|Any CPU
		{7B8E514F-2D59-4021-BC5F-2A7B5D3153B3}.Debug|Any CPU.ActiveCfg = Debug|Any CPU
		{7B8E514F-2D59-4021-BC5F-2A7B5D3153B3}.Debug|Any CPU.Build.0 = Debug|Any CPU
		{7B8E514F-2D59-4021-BC5F-2A7B5D3153B3}.Release|Any CPU.ActiveCfg = Release|Any CPU
		{7B8E514F-2D59-4021-BC5F-2A7B5D3153B3}.Release|Any CPU.Build.0 = Release|Any CPU
		{A406ACA4-8622-476B-B4FF-8F49882E69CD}.Debug|Any CPU.ActiveCfg = Debug|Any CPU
		{A406ACA4-8622-476B-B4FF-8F49882E69CD}.Debug|Any CPU.Build.0 = Debug|Any CPU
		{A406ACA4-8622-476B-B4FF-8F49882E69CD}.Release|Any CPU.ActiveCfg = Release|Any CPU
		{A406ACA4-8622-476B-B4FF-8F49882E69CD}.Release|Any CPU.Build.0 = Release|Any CPU
	EndGlobalSection
	GlobalSection(SolutionProperties) = preSolution
		HideSolutionNode = FALSE
	EndGlobalSection
	GlobalSection(NestedProjects) = preSolution
		{1F03ABCC-D919-40A1-9250-4E8EB9C8D28A} = {47F552FC-212C-4DB6-8C10-A599B0C46ED0}
		{61DA94A6-6FDB-453A-A61E-68300AF883E4} = {1F03ABCC-D919-40A1-9250-4E8EB9C8D28A}
		{99E8CF02-2AA3-45C5-8633-B6EC730BC775} = {1F03ABCC-D919-40A1-9250-4E8EB9C8D28A}
	EndGlobalSection
	GlobalSection(ExtensibilityGlobals) = postSolution
		SolutionGuid = {9323210F-0294-43A2-98FA-8E953723737A}
	EndGlobalSection
EndGlobal
